
Microsoft Visual Studio Solution File, Format Version 11.00
# Visual Studio 2010
Project("{FAE04EC0-301F-11D3-BF4B-00C04F79EFBC}") = "ShipBuild", "ShipBuild.csproj", "{886AAC8E-B07D-41EC-8AEF-31DC86BE524B}"
EndProject
Project("{FAE04EC0-301F-11D3-BF4B-00C04F79EFBC}") = "SpaceGameSever", "..\SpaceGameSever\SpaceGameSever.csproj", "{C2916F63-A487-4C22-89B9-88C3E232CE60}"
EndProject
Project("{FAE04EC0-301F-11D3-BF4B-00C04F79EFBC}") = "SpaceGameLauncher", "..\SpaceGameLauncher\SpaceGameLauncher.csproj", "{3AA93CC3-A57D-4AF5-97B6-196850E18270}"
EndProject
Project("{FAE04EC0-301F-11D3-BF4B-00C04F79EFBC}") = "ShipBuildUtils", "..\ShipBuildUtils\ShipBuildUtils.csproj", "{119C2950-3F73-419A-9665-4F066AB2C919}"
EndProject
Global
	GlobalSection(SolutionConfigurationPlatforms) = preSolution
		Debug|Any CPU = Debug|Any CPU
		Release|Any CPU = Release|Any CPU
	EndGlobalSection
	GlobalSection(ProjectConfigurationPlatforms) = postSolution
		{119C2950-3F73-419A-9665-4F066AB2C919}.Debug|Any CPU.ActiveCfg = Debug|Any CPU
		{119C2950-3F73-419A-9665-4F066AB2C919}.Debug|Any CPU.Build.0 = Debug|Any CPU
		{119C2950-3F73-419A-9665-4F066AB2C919}.Release|Any CPU.ActiveCfg = Release|Any CPU
		{119C2950-3F73-419A-9665-4F066AB2C919}.Release|Any CPU.Build.0 = Release|Any CPU
		{3AA93CC3-A57D-4AF5-97B6-196850E18270}.Debug|Any CPU.ActiveCfg = Debug|Any CPU
		{3AA93CC3-A57D-4AF5-97B6-196850E18270}.Debug|Any CPU.Build.0 = Debug|Any CPU
		{3AA93CC3-A57D-4AF5-97B6-196850E18270}.Release|Any CPU.ActiveCfg = Release|Any CPU
		{3AA93CC3-A57D-4AF5-97B6-196850E18270}.Release|Any CPU.Build.0 = Release|Any CPU
		{886AAC8E-B07D-41EC-8AEF-31DC86BE524B}.Debug|Any CPU.ActiveCfg = Debug|Any CPU
		{886AAC8E-B07D-41EC-8AEF-31DC86BE524B}.Debug|Any CPU.Build.0 = Debug|Any CPU
		{886AAC8E-B07D-41EC-8AEF-31DC86BE524B}.Release|Any CPU.ActiveCfg = Release|Any CPU
		{886AAC8E-B07D-41EC-8AEF-31DC86BE524B}.Release|Any CPU.Build.0 = Release|Any CPU
		{C2916F63-A487-4C22-89B9-88C3E232CE60}.Debug|Any CPU.ActiveCfg = Debug|Any CPU
		{C2916F63-A487-4C22-89B9-88C3E232CE60}.Debug|Any CPU.Build.0 = Debug|Any CPU
		{C2916F63-A487-4C22-89B9-88C3E232CE60}.Release|Any CPU.ActiveCfg = Release|Any CPU
		{C2916F63-A487-4C22-89B9-88C3E232CE60}.Release|Any CPU.Build.0 = Release|Any CPU
	EndGlobalSection
	GlobalSection(MonoDevelopProperties) = preSolution
		StartupItem = ShipBuild.csproj
	EndGlobalSection
EndGlobal
